
Microsoft Visual Studio Solution File, Format Version 12.00
# Visual Studio 14
VisualStudioVersion = 14.0.25420.1
MinimumVisualStudioVersion = 10.0.40219.1
Project("{FAE04EC0-301F-11D3-BF4B-00C04F79EFBC}") = "Store.WebApp", "Store.WebApp\Store.WebApp.csproj", "{5F34B9C1-F2A6-4376-91E0-C7656B22B33F}"
EndProject
Project("{FAE04EC0-301F-11D3-BF4B-00C04F79EFBC}") = "Store.Domain", "Store.Domain\Store.Domain.csproj", "{AA297F3A-6560-4629-8ADA-A2B02FCFF62E}"
EndProject
Project("{FAE04EC0-301F-11D3-BF4B-00C04F79EFBC}") = "Store.Infrastructure", "Store.Infrastructure\Store.Infrastructure.csproj", "{32CAABB7-F309-436C-96EE-FED535BC5694}"
EndProject
Global
	GlobalSection(SolutionConfigurationPlatforms) = preSolution
		Debug|Any CPU = Debug|Any CPU
		Release|Any CPU = Release|Any CPU
	EndGlobalSection
	GlobalSection(ProjectConfigurationPlatforms) = postSolution
		{5F34B9C1-F2A6-4376-91E0-C7656B22B33F}.Debug|Any CPU.ActiveCfg = Debug|Any CPU
		{5F34B9C1-F2A6-4376-91E0-C7656B22B33F}.Debug|Any CPU.Build.0 = Debug|Any CPU
		{5F34B9C1-F2A6-4376-91E0-C7656B22B33F}.Release|Any CPU.ActiveCfg = Release|Any CPU
		{5F34B9C1-F2A6-4376-91E0-C7656B22B33F}.Release|Any CPU.Build.0 = Release|Any CPU
		{AA297F3A-6560-4629-8ADA-A2B02FCFF62E}.Debug|Any CPU.ActiveCfg = Debug|Any CPU
		{AA297F3A-6560-4629-8ADA-A2B02FCFF62E}.Debug|Any CPU.Build.0 = Debug|Any CPU
		{AA297F3A-6560-4629-8ADA-A2B02FCFF62E}.Release|Any CPU.ActiveCfg = Release|Any CPU
		{AA297F3A-6560-4629-8ADA-A2B02FCFF62E}.Release|Any CPU.Build.0 = Release|Any CPU
		{32CAABB7-F309-436C-96EE-FED535BC5694}.Debug|Any CPU.ActiveCfg = Debug|Any CPU
		{32CAABB7-F309-436C-96EE-FED535BC5694}.Debug|Any CPU.Build.0 = Debug|Any CPU
		{32CAABB7-F309-436C-96EE-FED535BC5694}.Release|Any CPU.ActiveCfg = Release|Any CPU
		{32CAABB7-F309-436C-96EE-FED535BC5694}.Release|Any CPU.Build.0 = Release|Any CPU
	EndGlobalSection
	GlobalSection(SolutionProperties) = preSolution
		HideSolutionNode = FALSE
	EndGlobalSection
EndGlobal
